
Microsoft Visual Studio Solution File, Format Version 12.00
# Visual Studio Version 17
VisualStudioVersion = 17.0.31903.59
MinimumVisualStudioVersion = 10.0.40219.1
Project("{2150E333-8FDC-42A3-9474-1A3956D46DE8}") = "src", "src", "{827E0CD3-B72D-47B6-A68D-7590B98EB39B}"
EndProject
Project("{FAE04EC0-301F-11D3-BF4B-00C04F79EFBC}") = "GameWatcher.Core", "src\GameWatcher.Core\GameWatcher.Core.csproj", "{F0714C48-4B4B-423B-876A-4AE7F2620307}"
EndProject
Project("{FAE04EC0-301F-11D3-BF4B-00C04F79EFBC}") = "GameWatcher.App", "src\GameWatcher.App\GameWatcher.App.csproj", "{BD41700C-94B8-4C7B-B659-EBC914A88125}"
EndProject
Project("{FAE04EC0-301F-11D3-BF4B-00C04F79EFBC}") = "GameWatcher.Tools", "src\GameWatcher.Tools\GameWatcher.Tools.csproj", "{5242BFF7-082A-463B-BFA3-72DAAD6E6F4A}"
EndProject
Global
	GlobalSection(SolutionConfigurationPlatforms) = preSolution
		Debug|Any CPU = Debug|Any CPU
		Debug|x64 = Debug|x64
		Debug|x86 = Debug|x86
		Release|Any CPU = Release|Any CPU
		Release|x64 = Release|x64
		Release|x86 = Release|x86
	EndGlobalSection
	GlobalSection(ProjectConfigurationPlatforms) = postSolution
		{F0714C48-4B4B-423B-876A-4AE7F2620307}.Debug|Any CPU.ActiveCfg = Debug|Any CPU
		{F0714C48-4B4B-423B-876A-4AE7F2620307}.Debug|Any CPU.Build.0 = Debug|Any CPU
		{F0714C48-4B4B-423B-876A-4AE7F2620307}.Debug|x64.ActiveCfg = Debug|Any CPU
		{F0714C48-4B4B-423B-876A-4AE7F2620307}.Debug|x64.Build.0 = Debug|Any CPU
		{F0714C48-4B4B-423B-876A-4AE7F2620307}.Debug|x86.ActiveCfg = Debug|Any CPU
		{F0714C48-4B4B-423B-876A-4AE7F2620307}.Debug|x86.Build.0 = Debug|Any CPU
		{F0714C48-4B4B-423B-876A-4AE7F2620307}.Release|Any CPU.ActiveCfg = Release|Any CPU
		{F0714C48-4B4B-423B-876A-4AE7F2620307}.Release|Any CPU.Build.0 = Release|Any CPU
		{F0714C48-4B4B-423B-876A-4AE7F2620307}.Release|x64.ActiveCfg = Release|Any CPU
		{F0714C48-4B4B-423B-876A-4AE7F2620307}.Release|x64.Build.0 = Release|Any CPU
		{F0714C48-4B4B-423B-876A-4AE7F2620307}.Release|x86.ActiveCfg = Release|Any CPU
		{F0714C48-4B4B-423B-876A-4AE7F2620307}.Release|x86.Build.0 = Release|Any CPU
		{BD41700C-94B8-4C7B-B659-EBC914A88125}.Debug|Any CPU.ActiveCfg = Debug|Any CPU
		{BD41700C-94B8-4C7B-B659-EBC914A88125}.Debug|Any CPU.Build.0 = Debug|Any CPU
		{BD41700C-94B8-4C7B-B659-EBC914A88125}.Debug|x64.ActiveCfg = Debug|Any CPU
		{BD41700C-94B8-4C7B-B659-EBC914A88125}.Debug|x64.Build.0 = Debug|Any CPU
		{BD41700C-94B8-4C7B-B659-EBC914A88125}.Debug|x86.ActiveCfg = Debug|Any CPU
		{BD41700C-94B8-4C7B-B659-EBC914A88125}.Debug|x86.Build.0 = Debug|Any CPU
		{BD41700C-94B8-4C7B-B659-EBC914A88125}.Release|Any CPU.ActiveCfg = Release|Any CPU
		{BD41700C-94B8-4C7B-B659-EBC914A88125}.Release|Any CPU.Build.0 = Release|Any CPU
		{BD41700C-94B8-4C7B-B659-EBC914A88125}.Release|x64.ActiveCfg = Release|Any CPU
		{BD41700C-94B8-4C7B-B659-EBC914A88125}.Release|x64.Build.0 = Release|Any CPU
		{BD41700C-94B8-4C7B-B659-EBC914A88125}.Release|x86.ActiveCfg = Release|Any CPU
		{BD41700C-94B8-4C7B-B659-EBC914A88125}.Release|x86.Build.0 = Release|Any CPU
		{5242BFF7-082A-463B-BFA3-72DAAD6E6F4A}.Debug|Any CPU.ActiveCfg = Debug|Any CPU
		{5242BFF7-082A-463B-BFA3-72DAAD6E6F4A}.Debug|Any CPU.Build.0 = Debug|Any CPU
		{5242BFF7-082A-463B-BFA3-72DAAD6E6F4A}.Debug|x64.ActiveCfg = Debug|Any CPU
		{5242BFF7-082A-463B-BFA3-72DAAD6E6F4A}.Debug|x64.Build.0 = Debug|Any CPU
		{5242BFF7-082A-463B-BFA3-72DAAD6E6F4A}.Debug|x86.ActiveCfg = Debug|Any CPU
		{5242BFF7-082A-463B-BFA3-72DAAD6E6F4A}.Debug|x86.Build.0 = Debug|Any CPU
		{5242BFF7-082A-463B-BFA3-72DAAD6E6F4A}.Release|Any CPU.ActiveCfg = Release|Any CPU
		{5242BFF7-082A-463B-BFA3-72DAAD6E6F4A}.Release|Any CPU.Build.0 = Release|Any CPU
		{5242BFF7-082A-463B-BFA3-72DAAD6E6F4A}.Release|x64.ActiveCfg = Release|Any CPU
		{5242BFF7-082A-463B-BFA3-72DAAD6E6F4A}.Release|x64.Build.0 = Release|Any CPU
		{5242BFF7-082A-463B-BFA3-72DAAD6E6F4A}.Release|x86.ActiveCfg = Release|Any CPU
		{5242BFF7-082A-463B-BFA3-72DAAD6E6F4A}.Release|x86.Build.0 = Release|Any CPU
	EndGlobalSection
	GlobalSection(SolutionProperties) = preSolution
		HideSolutionNode = FALSE
	EndGlobalSection
	GlobalSection(NestedProjects) = preSolution
		{F0714C48-4B4B-423B-876A-4AE7F2620307} = {827E0CD3-B72D-47B6-A68D-7590B98EB39B}
		{BD41700C-94B8-4C7B-B659-EBC914A88125} = {827E0CD3-B72D-47B6-A68D-7590B98EB39B}
		{5242BFF7-082A-463B-BFA3-72DAAD6E6F4A} = {827E0CD3-B72D-47B6-A68D-7590B98EB39B}
	EndGlobalSection
EndGlobal
